// !$*UTF8*$!
{
	archiveVersion = 1;
	classes = {
	};
	objectVersion = 48;
	objects = {

/* Begin PBXBuildFile section */
		AAD4720D206C432300573780 /* PwnedPasswordsAPI.swift in Sources */ = {isa = PBXBuildFile; fileRef = AAD4720A206C432300573780 /* PwnedPasswordsAPI.swift */; };
		AAD4720E206C432300573780 /* PwnedPasswords.swift in Sources */ = {isa = PBXBuildFile; fileRef = AAD4720B206C432300573780 /* PwnedPasswords.swift */; };
		AAD4720F206C432300573780 /* String+Slice.swift in Sources */ = {isa = PBXBuildFile; fileRef = AAD4720C206C432300573780 /* String+Slice.swift */; };
		AAD47226206C449300573780 /* CryptoSwift.framework in Frameworks */ = {isa = PBXBuildFile; fileRef = AAD471F8206C41E200573780 /* CryptoSwift.framework */; };
		AAD47227206C449C00573780 /* PwnedKit.framework in Frameworks */ = {isa = PBXBuildFile; fileRef = AAD47202206C431B00573780 /* PwnedKit.framework */; };
		AAD47228206C449C00573780 /* CommandLineKit.framework in Frameworks */ = {isa = PBXBuildFile; fileRef = AAD47218206C440B00573780 /* CommandLineKit.framework */; };
		AAD47229206C449C00573780 /* LoggerKit.framework in Frameworks */ = {isa = PBXBuildFile; fileRef = AAD47221206C441200573780 /* LoggerKit.framework */; };
		AAD4722E206C483600573780 /* main.swift in Sources */ = {isa = PBXBuildFile; fileRef = AAD4722D206C483600573780 /* main.swift */; };
/* End PBXBuildFile section */

/* Begin PBXContainerItemProxy section */
		AAD471F7206C41E200573780 /* PBXContainerItemProxy */ = {
			isa = PBXContainerItemProxy;
			containerPortal = AAD471F2206C41E200573780 /* CryptoSwift.xcodeproj */;
			proxyType = 2;
			remoteGlobalIDString = 754BE45519693E190098E6F3;
			remoteInfo = CryptoSwift;
		};
		AAD471F9206C41E200573780 /* PBXContainerItemProxy */ = {
			isa = PBXContainerItemProxy;
			containerPortal = AAD471F2206C41E200573780 /* CryptoSwift.xcodeproj */;
			proxyType = 2;
			remoteGlobalIDString = 754BE46019693E190098E6F3;
			remoteInfo = Tests;
		};
		AAD47217206C440B00573780 /* PBXContainerItemProxy */ = {
			isa = PBXContainerItemProxy;
			containerPortal = AAD47213206C440B00573780 /* CommandLineKit.xcodeproj */;
			proxyType = 2;
			remoteGlobalIDString = 5D06884319674D7D00BBFAAC;
			remoteInfo = CommandLineKit;
		};
		AAD47220206C441200573780 /* PBXContainerItemProxy */ = {
			isa = PBXContainerItemProxy;
			containerPortal = AAD4721B206C441200573780 /* LoggerKit.xcodeproj */;
			proxyType = 2;
			remoteGlobalIDString = AABBD9A41E5761BD00AE5B46;
			remoteInfo = LoggerKit;
		};
		AAD47222206C441200573780 /* PBXContainerItemProxy */ = {
			isa = PBXContainerItemProxy;
			containerPortal = AAD4721B206C441200573780 /* LoggerKit.xcodeproj */;
			proxyType = 2;
			remoteGlobalIDString = AA912BE01EE96C56002DD639;
			remoteInfo = LoggerKitWatch;
		};
/* End PBXContainerItemProxy section */

/* Begin PBXCopyFilesBuildPhase section */
		AAFA367A1F0A94F300A976E1 /* CopyFiles */ = {
			isa = PBXCopyFilesBuildPhase;
			buildActionMask = 2147483647;
			dstPath = /usr/share/man/man1/;
			dstSubfolderSpec = 0;
			files = (
			);
			runOnlyForDeploymentPostprocessing = 1;
		};
/* End PBXCopyFilesBuildPhase section */

/* Begin PBXFileReference section */
		AAD471F2206C41E200573780 /* CryptoSwift.xcodeproj */ = {isa = PBXFileReference; lastKnownFileType = "wrapper.pb-project"; name = CryptoSwift.xcodeproj; path = ../../../Documents/Developer/CryptoSwift/CryptoSwift.xcodeproj; sourceTree = "<group>"; };
		AAD47202206C431B00573780 /* PwnedKit.framework */ = {isa = PBXFileReference; explicitFileType = wrapper.framework; includeInIndex = 0; path = PwnedKit.framework; sourceTree = BUILT_PRODUCTS_DIR; };
		AAD47205206C431C00573780 /* Info.plist */ = {isa = PBXFileReference; lastKnownFileType = text.plist.xml; path = Info.plist; sourceTree = "<group>"; };
		AAD4720A206C432300573780 /* PwnedPasswordsAPI.swift */ = {isa = PBXFileReference; lastKnownFileType = sourcecode.swift; path = PwnedPasswordsAPI.swift; sourceTree = "<group>"; };
		AAD4720B206C432300573780 /* PwnedPasswords.swift */ = {isa = PBXFileReference; lastKnownFileType = sourcecode.swift; path = PwnedPasswords.swift; sourceTree = "<group>"; };
		AAD4720C206C432300573780 /* String+Slice.swift */ = {isa = PBXFileReference; lastKnownFileType = sourcecode.swift; path = "String+Slice.swift"; sourceTree = "<group>"; };
		AAD47213206C440B00573780 /* CommandLineKit.xcodeproj */ = {isa = PBXFileReference; lastKnownFileType = "wrapper.pb-project"; name = CommandLineKit.xcodeproj; path = ../CommandLineKit/CommandLineKit.xcodeproj; sourceTree = "<group>"; };
		AAD4721B206C441200573780 /* LoggerKit.xcodeproj */ = {isa = PBXFileReference; lastKnownFileType = "wrapper.pb-project"; name = LoggerKit.xcodeproj; path = ../LoggerKit/LoggerKit.xcodeproj; sourceTree = "<group>"; };
		AAD4722D206C483600573780 /* main.swift */ = {isa = PBXFileReference; lastKnownFileType = sourcecode.swift; path = main.swift; sourceTree = "<group>"; };
		AAFA367C1F0A94F300A976E1 /* PwnedTool */ = {isa = PBXFileReference; explicitFileType = "compiled.mach-o.executable"; includeInIndex = 0; path = PwnedTool; sourceTree = BUILT_PRODUCTS_DIR; };
		AAFA36861F0A951400A976E1 /* Info.plist */ = {isa = PBXFileReference; lastKnownFileType = text.plist.xml; path = Info.plist; sourceTree = "<group>"; };
/* End PBXFileReference section */

/* Begin PBXFrameworksBuildPhase section */
		AAD471FE206C431B00573780 /* Frameworks */ = {
			isa = PBXFrameworksBuildPhase;
			buildActionMask = 2147483647;
			files = (
				AAD47226206C449300573780 /* CryptoSwift.framework in Frameworks */,
			);
			runOnlyForDeploymentPostprocessing = 0;
		};
		AAFA36791F0A94F300A976E1 /* Frameworks */ = {
			isa = PBXFrameworksBuildPhase;
			buildActionMask = 2147483647;
			files = (
				AAD47227206C449C00573780 /* PwnedKit.framework in Frameworks */,
				AAD47228206C449C00573780 /* CommandLineKit.framework in Frameworks */,
				AAD47229206C449C00573780 /* LoggerKit.framework in Frameworks */,
			);
			runOnlyForDeploymentPostprocessing = 0;
		};
/* End PBXFrameworksBuildPhase section */

/* Begin PBXGroup section */
		AAD471F3206C41E200573780 /* Products */ = {
			isa = PBXGroup;
			children = (
				AAD471F8206C41E200573780 /* CryptoSwift.framework */,
				AAD471FA206C41E200573780 /* Tests.xctest */,
			);
			name = Products;
			sourceTree = "<group>";
		};
		AAD471FB206C41EA00573780 /* Frameworks */ = {
			isa = PBXGroup;
			children = (
			);
			name = Frameworks;
			sourceTree = "<group>";
		};
		AAD47203206C431B00573780 /* PwnedKit */ = {
			isa = PBXGroup;
			children = (
				AAD4720A206C432300573780 /* PwnedPasswordsAPI.swift */,
				AAD4720B206C432300573780 /* PwnedPasswords.swift */,
				AAD4720C206C432300573780 /* String+Slice.swift */,
				AAD47205206C431C00573780 /* Info.plist */,
			);
			path = PwnedKit;
			sourceTree = "<group>";
		};
		AAD47214206C440B00573780 /* Products */ = {
			isa = PBXGroup;
			children = (
				AAD47218206C440B00573780 /* CommandLineKit.framework */,
			);
			name = Products;
			sourceTree = "<group>";
		};
		AAD4721C206C441200573780 /* Products */ = {
			isa = PBXGroup;
			children = (
				AAD47221206C441200573780 /* LoggerKit.framework */,
				AAD47223206C441200573780 /* LoggerKit.framework */,
			);
			name = Products;
			sourceTree = "<group>";
		};
		AAFA36731F0A94F300A976E1 = {
			isa = PBXGroup;
			children = (
				AAD4721B206C441200573780 /* LoggerKit.xcodeproj */,
				AAD47213206C440B00573780 /* CommandLineKit.xcodeproj */,
				AAD471F2206C41E200573780 /* CryptoSwift.xcodeproj */,
				AAFA367E1F0A94F300A976E1 /* PwnedTool */,
				AAD47203206C431B00573780 /* PwnedKit */,
				AAFA367D1F0A94F300A976E1 /* Products */,
				AAD471FB206C41EA00573780 /* Frameworks */,
			);
			sourceTree = "<group>";
		};
		AAFA367D1F0A94F300A976E1 /* Products */ = {
			isa = PBXGroup;
			children = (
				AAFA367C1F0A94F300A976E1 /* PwnedTool */,
				AAD47202206C431B00573780 /* PwnedKit.framework */,
			);
			name = Products;
			sourceTree = "<group>";
		};
		AAFA367E1F0A94F300A976E1 /* PwnedTool */ = {
			isa = PBXGroup;
			children = (
				AAD4722D206C483600573780 /* main.swift */,
				AAFA36861F0A951400A976E1 /* Info.plist */,
			);
			path = PwnedTool;
			sourceTree = "<group>";
		};
/* End PBXGroup section */

/* Begin PBXHeadersBuildPhase section */
		AAD471FF206C431B00573780 /* Headers */ = {
			isa = PBXHeadersBuildPhase;
			buildActionMask = 2147483647;
			files = (
			);
			runOnlyForDeploymentPostprocessing = 0;
		};
/* End PBXHeadersBuildPhase section */

/* Begin PBXNativeTarget section */
		AAD47201206C431B00573780 /* PwnedKit */ = {
			isa = PBXNativeTarget;
			buildConfigurationList = AAD47207206C431C00573780 /* Build configuration list for PBXNativeTarget "PwnedKit" */;
			buildPhases = (
				AAD471FD206C431B00573780 /* Sources */,
				AAD471FE206C431B00573780 /* Frameworks */,
				AAD471FF206C431B00573780 /* Headers */,
				AAD47200206C431B00573780 /* Resources */,
			);
			buildRules = (
			);
			dependencies = (
			);
			name = PwnedKit;
			productName = PwnedKit;
			productReference = AAD47202206C431B00573780 /* PwnedKit.framework */;
			productType = "com.apple.product-type.framework";
		};
		AAFA367B1F0A94F300A976E1 /* PwnedTool */ = {
			isa = PBXNativeTarget;
			buildConfigurationList = AAFA36831F0A94F300A976E1 /* Build configuration list for PBXNativeTarget "PwnedTool" */;
			buildPhases = (
				AAFA36781F0A94F300A976E1 /* Sources */,
				AAFA36791F0A94F300A976E1 /* Frameworks */,
				AAFA367A1F0A94F300A976E1 /* CopyFiles */,
			);
			buildRules = (
			);
			dependencies = (
			);
			name = PwnedTool;
			productName = CameraTool;
			productReference = AAFA367C1F0A94F300A976E1 /* PwnedTool */;
			productType = "com.apple.product-type.tool";
		};
/* End PBXNativeTarget section */

/* Begin PBXProject section */
		AAFA36741F0A94F300A976E1 /* Project object */ = {
			isa = PBXProject;
			attributes = {
				LastSwiftUpdateCheck = 0900;
				LastUpgradeCheck = 0930;
				ORGANIZATIONNAME = "Pedro José Pereira Vieito";
				TargetAttributes = {
					AAD47201206C431B00573780 = {
						CreatedOnToolsVersion = 9.3;
						ProvisioningStyle = Automatic;
					};
					AAFA367B1F0A94F300A976E1 = {
						CreatedOnToolsVersion = 9.0;
					};
				};
			};
			buildConfigurationList = AAFA36771F0A94F300A976E1 /* Build configuration list for PBXProject "PwnedKit" */;
			compatibilityVersion = "Xcode 8.0";
			developmentRegion = en;
			hasScannedForEncodings = 0;
			knownRegions = (
				en,
				Base,
			);
			mainGroup = AAFA36731F0A94F300A976E1;
			productRefGroup = AAFA367D1F0A94F300A976E1 /* Products */;
			projectDirPath = "";
			projectReferences = (
				{
					ProductGroup = AAD47214206C440B00573780 /* Products */;
					ProjectRef = AAD47213206C440B00573780 /* CommandLineKit.xcodeproj */;
				},
				{
					ProductGroup = AAD471F3206C41E200573780 /* Products */;
					ProjectRef = AAD471F2206C41E200573780 /* CryptoSwift.xcodeproj */;
				},
				{
					ProductGroup = AAD4721C206C441200573780 /* Products */;
					ProjectRef = AAD4721B206C441200573780 /* LoggerKit.xcodeproj */;
				},
			);
			projectRoot = "";
			targets = (
				AAFA367B1F0A94F300A976E1 /* PwnedTool */,
				AAD47201206C431B00573780 /* PwnedKit */,
			);
		};
/* End PBXProject section */

/* Begin PBXReferenceProxy section */
		AAD471F8206C41E200573780 /* CryptoSwift.framework */ = {
			isa = PBXReferenceProxy;
			fileType = wrapper.framework;
			path = CryptoSwift.framework;
			remoteRef = AAD471F7206C41E200573780 /* PBXContainerItemProxy */;
			sourceTree = BUILT_PRODUCTS_DIR;
		};
		AAD471FA206C41E200573780 /* Tests.xctest */ = {
			isa = PBXReferenceProxy;
			fileType = wrapper.cfbundle;
			path = Tests.xctest;
			remoteRef = AAD471F9206C41E200573780 /* PBXContainerItemProxy */;
			sourceTree = BUILT_PRODUCTS_DIR;
		};
		AAD47218206C440B00573780 /* CommandLineKit.framework */ = {
			isa = PBXReferenceProxy;
			fileType = wrapper.framework;
			path = CommandLineKit.framework;
			remoteRef = AAD47217206C440B00573780 /* PBXContainerItemProxy */;
			sourceTree = BUILT_PRODUCTS_DIR;
		};
		AAD47221206C441200573780 /* LoggerKit.framework */ = {
			isa = PBXReferenceProxy;
			fileType = wrapper.framework;
			path = LoggerKit.framework;
			remoteRef = AAD47220206C441200573780 /* PBXContainerItemProxy */;
			sourceTree = BUILT_PRODUCTS_DIR;
		};
		AAD47223206C441200573780 /* LoggerKit.framework */ = {
			isa = PBXReferenceProxy;
			fileType = wrapper.framework;
			path = LoggerKit.framework;
			remoteRef = AAD47222206C441200573780 /* PBXContainerItemProxy */;
			sourceTree = BUILT_PRODUCTS_DIR;
		};
/* End PBXReferenceProxy section */

/* Begin PBXResourcesBuildPhase section */
		AAD47200206C431B00573780 /* Resources */ = {
			isa = PBXResourcesBuildPhase;
			buildActionMask = 2147483647;
			files = (
			);
			runOnlyForDeploymentPostprocessing = 0;
		};
/* End PBXResourcesBuildPhase section */

/* Begin PBXSourcesBuildPhase section */
		AAD471FD206C431B00573780 /* Sources */ = {
			isa = PBXSourcesBuildPhase;
			buildActionMask = 2147483647;
			files = (
				AAD4720D206C432300573780 /* PwnedPasswordsAPI.swift in Sources */,
				AAD4720E206C432300573780 /* PwnedPasswords.swift in Sources */,
				AAD4720F206C432300573780 /* String+Slice.swift in Sources */,
			);
			runOnlyForDeploymentPostprocessing = 0;
		};
		AAFA36781F0A94F300A976E1 /* Sources */ = {
			isa = PBXSourcesBuildPhase;
			buildActionMask = 2147483647;
			files = (
				AAD4722E206C483600573780 /* main.swift in Sources */,
			);
			runOnlyForDeploymentPostprocessing = 0;
		};
/* End PBXSourcesBuildPhase section */

/* Begin XCBuildConfiguration section */
		AAD47208206C431C00573780 /* Debug */ = {
			isa = XCBuildConfiguration;
			buildSettings = {
				APPLICATION_EXTENSION_API_ONLY = YES;
				CLANG_ENABLE_OBJC_WEAK = YES;
				CLANG_WARN_DEPRECATED_OBJC_IMPLEMENTATIONS = YES;
				CLANG_WARN_OBJC_IMPLICIT_RETAIN_SELF = YES;
				CODE_SIGN_IDENTITY = "";
				CODE_SIGN_STYLE = Automatic;
				COMBINE_HIDPI_IMAGES = YES;
				DEFINES_MODULE = YES;
				DEVELOPMENT_TEAM = T7MC635YG5;
				DYLIB_COMPATIBILITY_VERSION = 1;
				DYLIB_CURRENT_VERSION = 1;
				DYLIB_INSTALL_NAME_BASE = "@rpath";
				FRAMEWORK_VERSION = A;
				INFOPLIST_FILE = PwnedKit/Info.plist;
				INSTALL_PATH = "$(LOCAL_LIBRARY_DIR)/Frameworks";
				LD_RUNPATH_SEARCH_PATHS = "$(inherited) @executable_path/../Frameworks @loader_path/Frameworks";
				PRODUCT_BUNDLE_IDENTIFIER = com.pvieito.PwnedKit;
				PRODUCT_NAME = "$(TARGET_NAME:c99extidentifier)";
				SKIP_INSTALL = YES;
				SWIFT_VERSION = 4.0;
				VERSION_INFO_PREFIX = "";
			};
			name = Debug;
		};
		AAD47209206C431C00573780 /* Release */ = {
			isa = XCBuildConfiguration;
			buildSettings = {
				APPLICATION_EXTENSION_API_ONLY = YES;
				CLANG_ENABLE_OBJC_WEAK = YES;
				CLANG_WARN_DEPRECATED_OBJC_IMPLEMENTATIONS = YES;
				CLANG_WARN_OBJC_IMPLICIT_RETAIN_SELF = YES;
				CODE_SIGN_IDENTITY = "";
				CODE_SIGN_STYLE = Automatic;
				COMBINE_HIDPI_IMAGES = YES;
				DEFINES_MODULE = YES;
				DEVELOPMENT_TEAM = T7MC635YG5;
				DYLIB_COMPATIBILITY_VERSION = 1;
				DYLIB_CURRENT_VERSION = 1;
				DYLIB_INSTALL_NAME_BASE = "@rpath";
				FRAMEWORK_VERSION = A;
				INFOPLIST_FILE = PwnedKit/Info.plist;
				INSTALL_PATH = "$(LOCAL_LIBRARY_DIR)/Frameworks";
				LD_RUNPATH_SEARCH_PATHS = "$(inherited) @executable_path/../Frameworks @loader_path/Frameworks";
				PRODUCT_BUNDLE_IDENTIFIER = com.pvieito.PwnedKit;
				PRODUCT_NAME = "$(TARGET_NAME:c99extidentifier)";
				SKIP_INSTALL = YES;
				SWIFT_VERSION = 4.0;
				VERSION_INFO_PREFIX = "";
			};
			name = Release;
		};
		AAFA36811F0A94F300A976E1 /* Debug */ = {
			isa = XCBuildConfiguration;
			buildSettings = {
				ALWAYS_SEARCH_USER_PATHS = NO;
				CLANG_ANALYZER_NONNULL = YES;
				CLANG_ANALYZER_NUMBER_OBJECT_CONVERSION = YES_AGGRESSIVE;
				CLANG_CXX_LANGUAGE_STANDARD = "gnu++14";
				CLANG_CXX_LIBRARY = "libc++";
				CLANG_ENABLE_MODULES = YES;
				CLANG_ENABLE_OBJC_ARC = YES;
				CLANG_WARN_BLOCK_CAPTURE_AUTORELEASING = YES;
				CLANG_WARN_BOOL_CONVERSION = YES;
				CLANG_WARN_COMMA = YES;
				CLANG_WARN_CONSTANT_CONVERSION = YES;
				CLANG_WARN_DEPRECATED_OBJC_IMPLEMENTATIONS = YES;
				CLANG_WARN_DIRECT_OBJC_ISA_USAGE = YES_ERROR;
				CLANG_WARN_DOCUMENTATION_COMMENTS = YES;
				CLANG_WARN_EMPTY_BODY = YES;
				CLANG_WARN_ENUM_CONVERSION = YES;
				CLANG_WARN_INFINITE_RECURSION = YES;
				CLANG_WARN_INT_CONVERSION = YES;
				CLANG_WARN_NON_LITERAL_NULL_CONVERSION = YES;
				CLANG_WARN_OBJC_IMPLICIT_RETAIN_SELF = YES;
				CLANG_WARN_OBJC_LITERAL_CONVERSION = YES;
				CLANG_WARN_OBJC_ROOT_CLASS = YES_ERROR;
				CLANG_WARN_RANGE_LOOP_ANALYSIS = YES;
				CLANG_WARN_STRICT_PROTOTYPES = YES;
				CLANG_WARN_SUSPICIOUS_MOVE = YES;
				CLANG_WARN_UNGUARDED_AVAILABILITY = YES_AGGRESSIVE;
				CLANG_WARN_UNREACHABLE_CODE = YES;
				CLANG_WARN__DUPLICATE_METHOD_MATCH = YES;
				CODE_SIGN_IDENTITY = "Mac Developer";
				COPY_PHASE_STRIP = NO;
				CURRENT_PROJECT_VERSION = 1;
				DEBUG_INFORMATION_FORMAT = dwarf;
				ENABLE_STRICT_OBJC_MSGSEND = YES;
				ENABLE_TESTABILITY = YES;
				GCC_C_LANGUAGE_STANDARD = gnu11;
				GCC_DYNAMIC_NO_PIC = NO;
				GCC_NO_COMMON_BLOCKS = YES;
				GCC_OPTIMIZATION_LEVEL = 0;
				GCC_PREPROCESSOR_DEFINITIONS = (
					"DEBUG=1",
					"$(inherited)",
				);
				GCC_WARN_64_TO_32_BIT_CONVERSION = YES;
				GCC_WARN_ABOUT_RETURN_TYPE = YES_ERROR;
				GCC_WARN_UNDECLARED_SELECTOR = YES;
				GCC_WARN_UNINITIALIZED_AUTOS = YES_AGGRESSIVE;
				GCC_WARN_UNUSED_FUNCTION = YES;
				GCC_WARN_UNUSED_VARIABLE = YES;
				MACOSX_DEPLOYMENT_TARGET = 10.12;
				MTL_ENABLE_DEBUG_INFO = YES;
				ONLY_ACTIVE_ARCH = YES;
				SDKROOT = macosx;
				SWIFT_ACTIVE_COMPILATION_CONDITIONS = DEBUG;
				SWIFT_OPTIMIZATION_LEVEL = "-Onone";
				VERSIONING_SYSTEM = "apple-generic";
			};
			name = Debug;
		};
		AAFA36821F0A94F300A976E1 /* Release */ = {
			isa = XCBuildConfiguration;
			buildSettings = {
				ALWAYS_SEARCH_USER_PATHS = NO;
				CLANG_ANALYZER_NONNULL = YES;
				CLANG_ANALYZER_NUMBER_OBJECT_CONVERSION = YES_AGGRESSIVE;
				CLANG_CXX_LANGUAGE_STANDARD = "gnu++14";
				CLANG_CXX_LIBRARY = "libc++";
				CLANG_ENABLE_MODULES = YES;
				CLANG_ENABLE_OBJC_ARC = YES;
				CLANG_WARN_BLOCK_CAPTURE_AUTORELEASING = YES;
				CLANG_WARN_BOOL_CONVERSION = YES;
				CLANG_WARN_COMMA = YES;
				CLANG_WARN_CONSTANT_CONVERSION = YES;
				CLANG_WARN_DEPRECATED_OBJC_IMPLEMENTATIONS = YES;
				CLANG_WARN_DIRECT_OBJC_ISA_USAGE = YES_ERROR;
				CLANG_WARN_DOCUMENTATION_COMMENTS = YES;
				CLANG_WARN_EMPTY_BODY = YES;
				CLANG_WARN_ENUM_CONVERSION = YES;
				CLANG_WARN_INFINITE_RECURSION = YES;
				CLANG_WARN_INT_CONVERSION = YES;
				CLANG_WARN_NON_LITERAL_NULL_CONVERSION = YES;
				CLANG_WARN_OBJC_IMPLICIT_RETAIN_SELF = YES;
				CLANG_WARN_OBJC_LITERAL_CONVERSION = YES;
				CLANG_WARN_OBJC_ROOT_CLASS = YES_ERROR;
				CLANG_WARN_RANGE_LOOP_ANALYSIS = YES;
				CLANG_WARN_STRICT_PROTOTYPES = YES;
				CLANG_WARN_SUSPICIOUS_MOVE = YES;
				CLANG_WARN_UNGUARDED_AVAILABILITY = YES_AGGRESSIVE;
				CLANG_WARN_UNREACHABLE_CODE = YES;
				CLANG_WARN__DUPLICATE_METHOD_MATCH = YES;
				CODE_SIGN_IDENTITY = "Mac Developer";
				COPY_PHASE_STRIP = NO;
				CURRENT_PROJECT_VERSION = 1;
				DEBUG_INFORMATION_FORMAT = "dwarf-with-dsym";
				ENABLE_NS_ASSERTIONS = NO;
				ENABLE_STRICT_OBJC_MSGSEND = YES;
				GCC_C_LANGUAGE_STANDARD = gnu11;
				GCC_NO_COMMON_BLOCKS = YES;
				GCC_WARN_64_TO_32_BIT_CONVERSION = YES;
				GCC_WARN_ABOUT_RETURN_TYPE = YES_ERROR;
				GCC_WARN_UNDECLARED_SELECTOR = YES;
				GCC_WARN_UNINITIALIZED_AUTOS = YES_AGGRESSIVE;
				GCC_WARN_UNUSED_FUNCTION = YES;
				GCC_WARN_UNUSED_VARIABLE = YES;
				MACOSX_DEPLOYMENT_TARGET = 10.12;
				MTL_ENABLE_DEBUG_INFO = NO;
				SDKROOT = macosx;
				SWIFT_OPTIMIZATION_LEVEL = "-Owholemodule";
				VERSIONING_SYSTEM = "apple-generic";
			};
			name = Release;
		};
		AAFA36841F0A94F300A976E1 /* Debug */ = {
			isa = XCBuildConfiguration;
			buildSettings = {
				CREATE_INFOPLIST_SECTION_IN_BINARY = YES;
				DEVELOPMENT_TEAM = T7MC635YG5;
				INFOPLIST_FILE = PwnedTool/Info.plist;
				LD_RUNPATH_SEARCH_PATHS = "@executable_path $(TOOLCHAIN_DIR)/usr/lib/swift/macosx";
				LIBRARY_SEARCH_PATHS = "$(TOOLCHAIN_DIR)/usr/lib/swift/macosx";
				PRODUCT_BUNDLE_IDENTIFIER = com.pvieito.PwnedTool;
				PRODUCT_NAME = "$(TARGET_NAME)";
				SWIFT_VERSION = 4.0;
			};
			name = Debug;
		};
		AAFA36851F0A94F300A976E1 /* Release */ = {
			isa = XCBuildConfiguration;
			buildSettings = {
				CREATE_INFOPLIST_SECTION_IN_BINARY = YES;
				DEVELOPMENT_TEAM = T7MC635YG5;
				INFOPLIST_FILE = PwnedTool/Info.plist;
				LD_RUNPATH_SEARCH_PATHS = "@executable_path $(TOOLCHAIN_DIR)/usr/lib/swift/macosx";
				LIBRARY_SEARCH_PATHS = "$(TOOLCHAIN_DIR)/usr/lib/swift/macosx";
				PRODUCT_BUNDLE_IDENTIFIER = com.pvieito.PwnedTool;
				PRODUCT_NAME = "$(TARGET_NAME)";
				SWIFT_VERSION = 4.0;
			};
			name = Release;
		};
/* End XCBuildConfiguration section */

/* Begin XCConfigurationList section */
		AAD47207206C431C00573780 /* Build configuration list for PBXNativeTarget "PwnedKit" */ = {
			isa = XCConfigurationList;
			buildConfigurations = (
				AAD47208206C431C00573780 /* Debug */,
				AAD47209206C431C00573780 /* Release */,
			);
			defaultConfigurationIsVisible = 0;
			defaultConfigurationName = Release;
		};
		AAFA36771F0A94F300A976E1 /* Build configuration list for PBXProject "PwnedKit" */ = {
			isa = XCConfigurationList;
			buildConfigurations = (
				AAFA36811F0A94F300A976E1 /* Debug */,
				AAFA36821F0A94F300A976E1 /* Release */,
			);
			defaultConfigurationIsVisible = 0;
			defaultConfigurationName = Release;
		};
		AAFA36831F0A94F300A976E1 /* Build configuration list for PBXNativeTarget "PwnedTool" */ = {
			isa = XCConfigurationList;
			buildConfigurations = (
				AAFA36841F0A94F300A976E1 /* Debug */,
				AAFA36851F0A94F300A976E1 /* Release */,
			);
			defaultConfigurationIsVisible = 0;
			defaultConfigurationName = Release;
		};
/* End XCConfigurationList section */
	};
	rootObject = AAFA36741F0A94F300A976E1 /* Project object */;
}
